
Microsoft Visual Studio Solution File, Format Version 12.00
# Visual Studio 2015
Project("{FAE04EC0-301F-11D3-BF4B-00C04F79EFBC}") = "Juego Juan Manuel Sequeira.CSharp", "Juego Juan Manuel Sequeira.CSharp.csproj", "{D49C108D-CAB4-1EB3-BB50-D026DDB81CEE}"
EndProject
Global
	GlobalSection(SolutionConfigurationPlatforms) = preSolution
		Debug|Any CPU = Debug|Any CPU
		Release|Any CPU = Release|Any CPU
	EndGlobalSection
	GlobalSection(ProjectConfigurationPlatforms) = postSolution
		{D49C108D-CAB4-1EB3-BB50-D026DDB81CEE}.Debug|Any CPU.ActiveCfg = Debug|Any CPU
		{D49C108D-CAB4-1EB3-BB50-D026DDB81CEE}.Debug|Any CPU.Build.0 = Debug|Any CPU
		{D49C108D-CAB4-1EB3-BB50-D026DDB81CEE}.Release|Any CPU.ActiveCfg = Release|Any CPU
		{D49C108D-CAB4-1EB3-BB50-D026DDB81CEE}.Release|Any CPU.Build.0 = Release|Any CPU
	EndGlobalSection
	GlobalSection(SolutionProperties) = preSolution
		HideSolutionNode = FALSE
	EndGlobalSection
EndGlobal
